
Microsoft Visual Studio Solution File, Format Version 12.00
# Visual Studio Version 17
VisualStudioVersion = 17.1.32319.34
MinimumVisualStudioVersion = 10.0.40219.1
Project("{9A19103F-16F7-4668-BE54-9A1E7A4F7556}") = "Binary Search", "Binary Search\Binary Search.csproj", "{9985AAD6-C212-4AFF-A346-554A98ED6EA3}"
EndProject
Project("{FAE04EC0-301F-11D3-BF4B-00C04F79EFBC}") = "SelectionSort", "SelectionSort\SelectionSort.csproj", "{98C35F37-CACB-474A-9FB2-339F0FB0F6A8}"
EndProject
Global
	GlobalSection(SolutionConfigurationPlatforms) = preSolution
		Debug|Any CPU = Debug|Any CPU
		Release|Any CPU = Release|Any CPU
	EndGlobalSection
	GlobalSection(ProjectConfigurationPlatforms) = postSolution
		{9985AAD6-C212-4AFF-A346-554A98ED6EA3}.Debug|Any CPU.ActiveCfg = Debug|Any CPU
		{9985AAD6-C212-4AFF-A346-554A98ED6EA3}.Debug|Any CPU.Build.0 = Debug|Any CPU
		{9985AAD6-C212-4AFF-A346-554A98ED6EA3}.Release|Any CPU.ActiveCfg = Release|Any CPU
		{9985AAD6-C212-4AFF-A346-554A98ED6EA3}.Release|Any CPU.Build.0 = Release|Any CPU
		{98C35F37-CACB-474A-9FB2-339F0FB0F6A8}.Debug|Any CPU.ActiveCfg = Debug|Any CPU
		{98C35F37-CACB-474A-9FB2-339F0FB0F6A8}.Debug|Any CPU.Build.0 = Debug|Any CPU
		{98C35F37-CACB-474A-9FB2-339F0FB0F6A8}.Release|Any CPU.ActiveCfg = Release|Any CPU
		{98C35F37-CACB-474A-9FB2-339F0FB0F6A8}.Release|Any CPU.Build.0 = Release|Any CPU
	EndGlobalSection
	GlobalSection(SolutionProperties) = preSolution
		HideSolutionNode = FALSE
	EndGlobalSection
	GlobalSection(ExtensibilityGlobals) = postSolution
		SolutionGuid = {A0E949E4-D59B-4103-9219-5333DE0C0FE7}
	EndGlobalSection
EndGlobal
